// !$*UTF8*$!
{
	archiveVersion = 1;
	classes = {
	};
	objectVersion = 51;
	objects = {

/* Begin PBXBuildFile section */
		6942499B24170E060093C7CD /* AppDelegate.swift in Sources */ = {isa = PBXBuildFile; fileRef = 6942499A24170E060093C7CD /* AppDelegate.swift */; };
		6942499D24170E060093C7CD /* SceneDelegate.swift in Sources */ = {isa = PBXBuildFile; fileRef = 6942499C24170E060093C7CD /* SceneDelegate.swift */; };
		6942499F24170E060093C7CD /* ContentView.swift in Sources */ = {isa = PBXBuildFile; fileRef = 6942499E24170E060093C7CD /* ContentView.swift */; };
		694249A124170E090093C7CD /* Assets.xcassets in Resources */ = {isa = PBXBuildFile; fileRef = 694249A024170E090093C7CD /* Assets.xcassets */; };
		694249A424170E090093C7CD /* Preview Assets.xcassets in Resources */ = {isa = PBXBuildFile; fileRef = 694249A324170E090093C7CD /* Preview Assets.xcassets */; };
		694249A724170E090093C7CD /* LaunchScreen.storyboard in Resources */ = {isa = PBXBuildFile; fileRef = 694249A524170E090093C7CD /* LaunchScreen.storyboard */; };
		694249B124171ED00093C7CD /* OverView.swift in Sources */ = {isa = PBXBuildFile; fileRef = 694249B024171ED00093C7CD /* OverView.swift */; };
		6949D8E1269A8127009EAC62 /* Loader.swift in Sources */ = {isa = PBXBuildFile; fileRef = 6949D8E0269A8127009EAC62 /* Loader.swift */; };
		69C86F7724297C2600CC3239 /* country.swift in Sources */ = {isa = PBXBuildFile; fileRef = 69C86F7624297C2600CC3239 /* country.swift */; };
		69C86F7B24297C6C00CC3239 /* ReadCSV.swift in Sources */ = {isa = PBXBuildFile; fileRef = 69C86F7A24297C6C00CC3239 /* ReadCSV.swift */; };
		69C86F7D24297D6100CC3239 /* TrackingCellView.swift in Sources */ = {isa = PBXBuildFile; fileRef = 69C86F7C24297D6100CC3239 /* TrackingCellView.swift */; };
		69C86F81242B01F700CC3239 /* WebView.swift in Sources */ = {isa = PBXBuildFile; fileRef = 69C86F80242B01F700CC3239 /* WebView.swift */; };
		69C86FA9242C16FA00CC3239 /* SafetyTipsView.swift in Sources */ = {isa = PBXBuildFile; fileRef = 69C86FA8242C16FA00CC3239 /* SafetyTipsView.swift */; };
		69C86FAB242C32AA00CC3239 /* AdBannerView.swift in Sources */ = {isa = PBXBuildFile; fileRef = 69C86FAA242C32AA00CC3239 /* AdBannerView.swift */; };
		69C86FAD242D8D7300CC3239 /* FlagName.swift in Sources */ = {isa = PBXBuildFile; fileRef = 69C86FAC242D8D7300CC3239 /* FlagName.swift */; };
		69E3C74A269A7B5A004C53BE /* region.swift in Sources */ = {isa = PBXBuildFile; fileRef = 69E3C749269A7B5A004C53BE /* region.swift */; };
		DDF23158B340EB8EA294290A /* Pods_CoronaTracker.framework in Frameworks */ = {isa = PBXBuildFile; fileRef = 1EF07E907DEBA092758AE641 /* Pods_CoronaTracker.framework */; };
/* End PBXBuildFile section */

/* Begin PBXFileReference section */
		1EF07E907DEBA092758AE641 /* Pods_CoronaTracker.framework */ = {isa = PBXFileReference; explicitFileType = wrapper.framework; includeInIndex = 0; path = Pods_CoronaTracker.framework; sourceTree = BUILT_PRODUCTS_DIR; };
		5C248866186CBED180B1FF3E /* Pods-CoronaTracker.debug.xcconfig */ = {isa = PBXFileReference; includeInIndex = 1; lastKnownFileType = text.xcconfig; name = "Pods-CoronaTracker.debug.xcconfig"; path = "Target Support Files/Pods-CoronaTracker/Pods-CoronaTracker.debug.xcconfig"; sourceTree = "<group>"; };
		634A4F881FDE0C03205841AE /* Pods-CoronaTracker.release.xcconfig */ = {isa = PBXFileReference; includeInIndex = 1; lastKnownFileType = text.xcconfig; name = "Pods-CoronaTracker.release.xcconfig"; path = "Target Support Files/Pods-CoronaTracker/Pods-CoronaTracker.release.xcconfig"; sourceTree = "<group>"; };
		6942499724170E060093C7CD /* CoronaTracker.app */ = {isa = PBXFileReference; explicitFileType = wrapper.application; includeInIndex = 0; path = CoronaTracker.app; sourceTree = BUILT_PRODUCTS_DIR; };
		6942499A24170E060093C7CD /* AppDelegate.swift */ = {isa = PBXFileReference; lastKnownFileType = sourcecode.swift; path = AppDelegate.swift; sourceTree = "<group>"; };
		6942499C24170E060093C7CD /* SceneDelegate.swift */ = {isa = PBXFileReference; lastKnownFileType = sourcecode.swift; path = SceneDelegate.swift; sourceTree = "<group>"; };
		6942499E24170E060093C7CD /* ContentView.swift */ = {isa = PBXFileReference; lastKnownFileType = sourcecode.swift; path = ContentView.swift; sourceTree = "<group>"; };
		694249A024170E090093C7CD /* Assets.xcassets */ = {isa = PBXFileReference; lastKnownFileType = folder.assetcatalog; path = Assets.xcassets; sourceTree = "<group>"; };
		694249A324170E090093C7CD /* Preview Assets.xcassets */ = {isa = PBXFileReference; lastKnownFileType = folder.assetcatalog; path = "Preview Assets.xcassets"; sourceTree = "<group>"; };
		694249A624170E090093C7CD /* Base */ = {isa = PBXFileReference; lastKnownFileType = file.storyboard; name = Base; path = Base.lproj/LaunchScreen.storyboard; sourceTree = "<group>"; };
		694249A824170E090093C7CD /* Info.plist */ = {isa = PBXFileReference; lastKnownFileType = text.plist.xml; path = Info.plist; sourceTree = "<group>"; };
		694249B024171ED00093C7CD /* OverView.swift */ = {isa = PBXFileReference; lastKnownFileType = sourcecode.swift; path = OverView.swift; sourceTree = "<group>"; };
		6949D8E0269A8127009EAC62 /* Loader.swift */ = {isa = PBXFileReference; lastKnownFileType = sourcecode.swift; path = Loader.swift; sourceTree = "<group>"; };
		69C86F7624297C2600CC3239 /* country.swift */ = {isa = PBXFileReference; lastKnownFileType = sourcecode.swift; path = country.swift; sourceTree = "<group>"; };
		69C86F7A24297C6C00CC3239 /* ReadCSV.swift */ = {isa = PBXFileReference; lastKnownFileType = sourcecode.swift; path = ReadCSV.swift; sourceTree = "<group>"; };
		69C86F7C24297D6100CC3239 /* TrackingCellView.swift */ = {isa = PBXFileReference; lastKnownFileType = sourcecode.swift; path = TrackingCellView.swift; sourceTree = "<group>"; };
		69C86F80242B01F700CC3239 /* WebView.swift */ = {isa = PBXFileReference; lastKnownFileType = sourcecode.swift; path = WebView.swift; sourceTree = "<group>"; };
		69C86FA8242C16FA00CC3239 /* SafetyTipsView.swift */ = {isa = PBXFileReference; lastKnownFileType = sourcecode.swift; path = SafetyTipsView.swift; sourceTree = "<group>"; };
		69C86FAA242C32AA00CC3239 /* AdBannerView.swift */ = {isa = PBXFileReference; lastKnownFileType = sourcecode.swift; path = AdBannerView.swift; sourceTree = "<group>"; };
		69C86FAC242D8D7300CC3239 /* FlagName.swift */ = {isa = PBXFileReference; lastKnownFileType = sourcecode.swift; path = FlagName.swift; sourceTree = "<group>"; };
		69E3C749269A7B5A004C53BE /* region.swift */ = {isa = PBXFileReference; lastKnownFileType = sourcecode.swift; path = region.swift; sourceTree = "<group>"; };
/* End PBXFileReference section */

/* Begin PBXFrameworksBuildPhase section */
		6942499424170E050093C7CD /* Frameworks */ = {
			isa = PBXFrameworksBuildPhase;
			buildActionMask = 2147483647;
			files = (
				DDF23158B340EB8EA294290A /* Pods_CoronaTracker.framework in Frameworks */,
			);
			runOnlyForDeploymentPostprocessing = 0;
		};
/* End PBXFrameworksBuildPhase section */

/* Begin PBXGroup section */
		03A7687261EE35EA3DED61D4 /* Pods */ = {
			isa = PBXGroup;
			children = (
				5C248866186CBED180B1FF3E /* Pods-CoronaTracker.debug.xcconfig */,
				634A4F881FDE0C03205841AE /* Pods-CoronaTracker.release.xcconfig */,
			);
			path = Pods;
			sourceTree = "<group>";
		};
		6942498E24170E050093C7CD = {
			isa = PBXGroup;
			children = (
				6942499924170E060093C7CD /* CoronaTracker */,
				6942499824170E060093C7CD /* Products */,
				03A7687261EE35EA3DED61D4 /* Pods */,
				DE3F068CD5AAE9189EE98372 /* Frameworks */,
			);
			sourceTree = "<group>";
		};
		6942499824170E060093C7CD /* Products */ = {
			isa = PBXGroup;
			children = (
				6942499724170E060093C7CD /* CoronaTracker.app */,
			);
			name = Products;
			sourceTree = "<group>";
		};
		6942499924170E060093C7CD /* CoronaTracker */ = {
			isa = PBXGroup;
			children = (
				694249AE24171EAE0093C7CD /* Model */,
				694249AF24171EBE0093C7CD /* View */,
				6942499E24170E060093C7CD /* ContentView.swift */,
				6942499C24170E060093C7CD /* SceneDelegate.swift */,
				6942499A24170E060093C7CD /* AppDelegate.swift */,
				694249A024170E090093C7CD /* Assets.xcassets */,
				694249A524170E090093C7CD /* LaunchScreen.storyboard */,
				694249A824170E090093C7CD /* Info.plist */,
				694249A224170E090093C7CD /* Preview Content */,
			);
			path = CoronaTracker;
			sourceTree = "<group>";
		};
		694249A224170E090093C7CD /* Preview Content */ = {
			isa = PBXGroup;
			children = (
				694249A324170E090093C7CD /* Preview Assets.xcassets */,
			);
			path = "Preview Content";
			sourceTree = "<group>";
		};
		694249AE24171EAE0093C7CD /* Model */ = {
			isa = PBXGroup;
			children = (
				69C86F7624297C2600CC3239 /* country.swift */,
				69C86F7A24297C6C00CC3239 /* ReadCSV.swift */,
				69C86FAC242D8D7300CC3239 /* FlagName.swift */,
				69E3C749269A7B5A004C53BE /* region.swift */,
			);
			path = Model;
			sourceTree = "<group>";
		};
		694249AF24171EBE0093C7CD /* View */ = {
			isa = PBXGroup;
			children = (
				694249B024171ED00093C7CD /* OverView.swift */,
				69C86F80242B01F700CC3239 /* WebView.swift */,
				69C86F7C24297D6100CC3239 /* TrackingCellView.swift */,
				69C86FA8242C16FA00CC3239 /* SafetyTipsView.swift */,
				69C86FAA242C32AA00CC3239 /* AdBannerView.swift */,
				6949D8E0269A8127009EAC62 /* Loader.swift */,
			);
			path = View;
			sourceTree = "<group>";
		};
		DE3F068CD5AAE9189EE98372 /* Frameworks */ = {
			isa = PBXGroup;
			children = (
				1EF07E907DEBA092758AE641 /* Pods_CoronaTracker.framework */,
			);
			name = Frameworks;
			sourceTree = "<group>";
		};
/* End PBXGroup section */

/* Begin PBXNativeTarget section */
		6942499624170E050093C7CD /* CoronaTracker */ = {
			isa = PBXNativeTarget;
			buildConfigurationList = 694249AB24170E090093C7CD /* Build configuration list for PBXNativeTarget "CoronaTracker" */;
			buildPhases = (
				E4D92BF1D98B8E2B3C22084C /* [CP] Check Pods Manifest.lock */,
				6942499324170E050093C7CD /* Sources */,
				6942499424170E050093C7CD /* Frameworks */,
				6942499524170E050093C7CD /* Resources */,
				ACAE4D5F74877A82C5305C14 /* [CP] Embed Pods Frameworks */,
			);
			buildRules = (
			);
			dependencies = (
			);
			name = CoronaTracker;
			productName = CoronaTracker;
			productReference = 6942499724170E060093C7CD /* CoronaTracker.app */;
			productType = "com.apple.product-type.application";
		};
/* End PBXNativeTarget section */

/* Begin PBXProject section */
		6942498F24170E050093C7CD /* Project object */ = {
			isa = PBXProject;
			attributes = {
				LastSwiftUpdateCheck = 1130;
				LastUpgradeCheck = 1130;
				ORGANIZATIONNAME = "Jae Ho Shin";
				TargetAttributes = {
					6942499624170E050093C7CD = {
						CreatedOnToolsVersion = 11.3.1;
					};
				};
			};
			buildConfigurationList = 6942499224170E050093C7CD /* Build configuration list for PBXProject "CoronaTracker" */;
			compatibilityVersion = "Xcode 9.3";
			developmentRegion = en;
			hasScannedForEncodings = 0;
			knownRegions = (
				en,
				Base,
			);
			mainGroup = 6942498E24170E050093C7CD;
			productRefGroup = 6942499824170E060093C7CD /* Products */;
			projectDirPath = "";
			projectRoot = "";
			targets = (
				6942499624170E050093C7CD /* CoronaTracker */,
			);
		};
/* End PBXProject section */

/* Begin PBXResourcesBuildPhase section */
		6942499524170E050093C7CD /* Resources */ = {
			isa = PBXResourcesBuildPhase;
			buildActionMask = 2147483647;
			files = (
				694249A724170E090093C7CD /* LaunchScreen.storyboard in Resources */,
				694249A424170E090093C7CD /* Preview Assets.xcassets in Resources */,
				694249A124170E090093C7CD /* Assets.xcassets in Resources */,
			);
			runOnlyForDeploymentPostprocessing = 0;
		};
/* End PBXResourcesBuildPhase section */

/* Begin PBXShellScriptBuildPhase section */
		ACAE4D5F74877A82C5305C14 /* [CP] Embed Pods Frameworks */ = {
			isa = PBXShellScriptBuildPhase;
			buildActionMask = 2147483647;
			files = (
			);
			inputFileListPaths = (
				"${PODS_ROOT}/Target Support Files/Pods-CoronaTracker/Pods-CoronaTracker-frameworks-${CONFIGURATION}-input-files.xcfilelist",
			);
			name = "[CP] Embed Pods Frameworks";
			outputFileListPaths = (
				"${PODS_ROOT}/Target Support Files/Pods-CoronaTracker/Pods-CoronaTracker-frameworks-${CONFIGURATION}-output-files.xcfilelist",
			);
			runOnlyForDeploymentPostprocessing = 0;
			shellPath = /bin/sh;
			shellScript = "\"${PODS_ROOT}/Target Support Files/Pods-CoronaTracker/Pods-CoronaTracker-frameworks.sh\"\n";
			showEnvVarsInLog = 0;
		};
		E4D92BF1D98B8E2B3C22084C /* [CP] Check Pods Manifest.lock */ = {
			isa = PBXShellScriptBuildPhase;
			buildActionMask = 2147483647;
			files = (
			);
			inputFileListPaths = (
			);
			inputPaths = (
				"${PODS_PODFILE_DIR_PATH}/Podfile.lock",
				"${PODS_ROOT}/Manifest.lock",
			);
			name = "[CP] Check Pods Manifest.lock";
			outputFileListPaths = (
			);
			outputPaths = (
				"$(DERIVED_FILE_DIR)/Pods-CoronaTracker-checkManifestLockResult.txt",
			);
			runOnlyForDeploymentPostprocessing = 0;
			shellPath = /bin/sh;
			shellScript = "diff \"${PODS_PODFILE_DIR_PATH}/Podfile.lock\" \"${PODS_ROOT}/Manifest.lock\" > /dev/null\nif [ $? != 0 ] ; then\n    # print error to STDERR\n    echo \"error: The sandbox is not in sync with the Podfile.lock. Run 'pod install' or update your CocoaPods installation.\" >&2\n    exit 1\nfi\n# This output is used by Xcode 'outputs' to avoid re-running this script phase.\necho \"SUCCESS\" > \"${SCRIPT_OUTPUT_FILE_0}\"\n";
			showEnvVarsInLog = 0;
		};
/* End PBXShellScriptBuildPhase section */

/* Begin PBXSourcesBuildPhase section */
		6942499324170E050093C7CD /* Sources */ = {
			isa = PBXSourcesBuildPhase;
			buildActionMask = 2147483647;
			files = (
				69C86F7724297C2600CC3239 /* country.swift in Sources */,
				6942499B24170E060093C7CD /* AppDelegate.swift in Sources */,
				69C86F81242B01F700CC3239 /* WebView.swift in Sources */,
				69C86FAB242C32AA00CC3239 /* AdBannerView.swift in Sources */,
				69C86F7B24297C6C00CC3239 /* ReadCSV.swift in Sources */,
				6942499D24170E060093C7CD /* SceneDelegate.swift in Sources */,
				694249B124171ED00093C7CD /* OverView.swift in Sources */,
				69E3C74A269A7B5A004C53BE /* region.swift in Sources */,
				6942499F24170E060093C7CD /* ContentView.swift in Sources */,
				6949D8E1269A8127009EAC62 /* Loader.swift in Sources */,
				69C86F7D24297D6100CC3239 /* TrackingCellView.swift in Sources */,
				69C86FA9242C16FA00CC3239 /* SafetyTipsView.swift in Sources */,
				69C86FAD242D8D7300CC3239 /* FlagName.swift in Sources */,
			);
			runOnlyForDeploymentPostprocessing = 0;
		};
/* End PBXSourcesBuildPhase section */

/* Begin PBXVariantGroup section */
		694249A524170E090093C7CD /* LaunchScreen.storyboard */ = {
			isa = PBXVariantGroup;
			children = (
				694249A624170E090093C7CD /* Base */,
			);
			name = LaunchScreen.storyboard;
			sourceTree = "<group>";
		};
/* End PBXVariantGroup section */

/* Begin XCBuildConfiguration section */
		694249A924170E090093C7CD /* Debug */ = {
			isa = XCBuildConfiguration;
			buildSettings = {
				ALWAYS_SEARCH_USER_PATHS = NO;
				CLANG_ANALYZER_NONNULL = YES;
				CLANG_ANALYZER_NUMBER_OBJECT_CONVERSION = YES_AGGRESSIVE;
				CLANG_CXX_LANGUAGE_STANDARD = "gnu++14";
				CLANG_CXX_LIBRARY = "libc++";
				CLANG_ENABLE_MODULES = YES;
				CLANG_ENABLE_OBJC_ARC = YES;
				CLANG_ENABLE_OBJC_WEAK = YES;
				CLANG_WARN_BLOCK_CAPTURE_AUTORELEASING = YES;
				CLANG_WARN_BOOL_CONVERSION = YES;
				CLANG_WARN_COMMA = YES;
				CLANG_WARN_CONSTANT_CONVERSION = YES;
				CLANG_WARN_DEPRECATED_OBJC_IMPLEMENTATIONS = YES;
				CLANG_WARN_DIRECT_OBJC_ISA_USAGE = YES_ERROR;
				CLANG_WARN_DOCUMENTATION_COMMENTS = YES;
				CLANG_WARN_EMPTY_BODY = YES;
				CLANG_WARN_ENUM_CONVERSION = YES;
				CLANG_WARN_INFINITE_RECURSION = YES;
				CLANG_WARN_INT_CONVERSION = YES;
				CLANG_WARN_NON_LITERAL_NULL_CONVERSION = YES;
				CLANG_WARN_OBJC_IMPLICIT_RETAIN_SELF = YES;
				CLANG_WARN_OBJC_LITERAL_CONVERSION = YES;
				CLANG_WARN_OBJC_ROOT_CLASS = YES_ERROR;
				CLANG_WARN_RANGE_LOOP_ANALYSIS = YES;
				CLANG_WARN_STRICT_PROTOTYPES = YES;
				CLANG_WARN_SUSPICIOUS_MOVE = YES;
				CLANG_WARN_UNGUARDED_AVAILABILITY = YES_AGGRESSIVE;
				CLANG_WARN_UNREACHABLE_CODE = YES;
				CLANG_WARN__DUPLICATE_METHOD_MATCH = YES;
				COPY_PHASE_STRIP = NO;
				DEBUG_INFORMATION_FORMAT = dwarf;
				ENABLE_STRICT_OBJC_MSGSEND = YES;
				ENABLE_TESTABILITY = YES;
				GCC_C_LANGUAGE_STANDARD = gnu11;
				GCC_DYNAMIC_NO_PIC = NO;
				GCC_NO_COMMON_BLOCKS = YES;
				GCC_OPTIMIZATION_LEVEL = 0;
				GCC_PREPROCESSOR_DEFINITIONS = (
					"DEBUG=1",
					"$(inherited)",
				);
				GCC_WARN_64_TO_32_BIT_CONVERSION = YES;
				GCC_WARN_ABOUT_RETURN_TYPE = YES_ERROR;
				GCC_WARN_UNDECLARED_SELECTOR = YES;
				GCC_WARN_UNINITIALIZED_AUTOS = YES_AGGRESSIVE;
				GCC_WARN_UNUSED_FUNCTION = YES;
				GCC_WARN_UNUSED_VARIABLE = YES;
				IPHONEOS_DEPLOYMENT_TARGET = 13.2;
				MTL_ENABLE_DEBUG_INFO = INCLUDE_SOURCE;
				MTL_FAST_MATH = YES;
				ONLY_ACTIVE_ARCH = YES;
				SDKROOT = iphoneos;
				SWIFT_ACTIVE_COMPILATION_CONDITIONS = DEBUG;
				SWIFT_OPTIMIZATION_LEVEL = "-Onone";
			};
			name = Debug;
		};
		694249AA24170E090093C7CD /* Release */ = {
			isa = XCBuildConfiguration;
			buildSettings = {
				ALWAYS_SEARCH_USER_PATHS = NO;
				CLANG_ANALYZER_NONNULL = YES;
				CLANG_ANALYZER_NUMBER_OBJECT_CONVERSION = YES_AGGRESSIVE;
				CLANG_CXX_LANGUAGE_STANDARD = "gnu++14";
				CLANG_CXX_LIBRARY = "libc++";
				CLANG_ENABLE_MODULES = YES;
				CLANG_ENABLE_OBJC_ARC = YES;
				CLANG_ENABLE_OBJC_WEAK = YES;
				CLANG_WARN_BLOCK_CAPTURE_AUTORELEASING = YES;
				CLANG_WARN_BOOL_CONVERSION = YES;
				CLANG_WARN_COMMA = YES;
				CLANG_WARN_CONSTANT_CONVERSION = YES;
				CLANG_WARN_DEPRECATED_OBJC_IMPLEMENTATIONS = YES;
				CLANG_WARN_DIRECT_OBJC_ISA_USAGE = YES_ERROR;
				CLANG_WARN_DOCUMENTATION_COMMENTS = YES;
				CLANG_WARN_EMPTY_BODY = YES;
				CLANG_WARN_ENUM_CONVERSION = YES;
				CLANG_WARN_INFINITE_RECURSION = YES;
				CLANG_WARN_INT_CONVERSION = YES;
				CLANG_WARN_NON_LITERAL_NULL_CONVERSION = YES;
				CLANG_WARN_OBJC_IMPLICIT_RETAIN_SELF = YES;
				CLANG_WARN_OBJC_LITERAL_CONVERSION = YES;
				CLANG_WARN_OBJC_ROOT_CLASS = YES_ERROR;
				CLANG_WARN_RANGE_LOOP_ANALYSIS = YES;
				CLANG_WARN_STRICT_PROTOTYPES = YES;
				CLANG_WARN_SUSPICIOUS_MOVE = YES;
				CLANG_WARN_UNGUARDED_AVAILABILITY = YES_AGGRESSIVE;
				CLANG_WARN_UNREACHABLE_CODE = YES;
				CLANG_WARN__DUPLICATE_METHOD_MATCH = YES;
				COPY_PHASE_STRIP = NO;
				DEBUG_INFORMATION_FORMAT = "dwarf-with-dsym";
				ENABLE_NS_ASSERTIONS = NO;
				ENABLE_STRICT_OBJC_MSGSEND = YES;
				GCC_C_LANGUAGE_STANDARD = gnu11;
				GCC_NO_COMMON_BLOCKS = YES;
				GCC_WARN_64_TO_32_BIT_CONVERSION = YES;
				GCC_WARN_ABOUT_RETURN_TYPE = YES_ERROR;
				GCC_WARN_UNDECLARED_SELECTOR = YES;
				GCC_WARN_UNINITIALIZED_AUTOS = YES_AGGRESSIVE;
				GCC_WARN_UNUSED_FUNCTION = YES;
				GCC_WARN_UNUSED_VARIABLE = YES;
				IPHONEOS_DEPLOYMENT_TARGET = 13.2;
				MTL_ENABLE_DEBUG_INFO = NO;
				MTL_FAST_MATH = YES;
				SDKROOT = iphoneos;
				SWIFT_COMPILATION_MODE = wholemodule;
				SWIFT_OPTIMIZATION_LEVEL = "-O";
				VALIDATE_PRODUCT = YES;
			};
			name = Release;
		};
		694249AC24170E090093C7CD /* Debug */ = {
			isa = XCBuildConfiguration;
			baseConfigurationReference = 5C248866186CBED180B1FF3E /* Pods-CoronaTracker.debug.xcconfig */;
			buildSettings = {
				ASSETCATALOG_COMPILER_APPICON_NAME = AppIcon;
				CODE_SIGN_STYLE = Automatic;
				DEVELOPMENT_ASSET_PATHS = "\"CoronaTracker/Preview Content\"";
				DEVELOPMENT_TEAM = GZW87SBZ7C;
				ENABLE_PREVIEWS = YES;
				INFOPLIST_FILE = CoronaTracker/Info.plist;
				LD_RUNPATH_SEARCH_PATHS = (
					"$(inherited)",
					"@executable_path/Frameworks",
				);
				PRODUCT_BUNDLE_IDENTIFIER = JayShinApp.CoronaTracker;
				PRODUCT_NAME = "$(TARGET_NAME)";
				SWIFT_VERSION = 5.0;
				TARGETED_DEVICE_FAMILY = "1,2";
			};
			name = Debug;
		};
		694249AD24170E090093C7CD /* Release */ = {
			isa = XCBuildConfiguration;
			baseConfigurationReference = 634A4F881FDE0C03205841AE /* Pods-CoronaTracker.release.xcconfig */;
			buildSettings = {
				ASSETCATALOG_COMPILER_APPICON_NAME = AppIcon;
				CODE_SIGN_STYLE = Automatic;
				DEVELOPMENT_ASSET_PATHS = "\"CoronaTracker/Preview Content\"";
				DEVELOPMENT_TEAM = GZW87SBZ7C;
				ENABLE_PREVIEWS = YES;
				INFOPLIST_FILE = CoronaTracker/Info.plist;
				LD_RUNPATH_SEARCH_PATHS = (
					"$(inherited)",
					"@executable_path/Frameworks",
				);
				PRODUCT_BUNDLE_IDENTIFIER = JayShinApp.CoronaTracker;
				PRODUCT_NAME = "$(TARGET_NAME)";
				SWIFT_VERSION = 5.0;
				TARGETED_DEVICE_FAMILY = "1,2";
			};
			name = Release;
		};
/* End XCBuildConfiguration section */

/* Begin XCConfigurationList section */
		6942499224170E050093C7CD /* Build configuration list for PBXProject "CoronaTracker" */ = {
			isa = XCConfigurationList;
			buildConfigurations = (
				694249A924170E090093C7CD /* Debug */,
				694249AA24170E090093C7CD /* Release */,
			);
			defaultConfigurationIsVisible = 0;
			defaultConfigurationName = Release;
		};
		694249AB24170E090093C7CD /* Build configuration list for PBXNativeTarget "CoronaTracker" */ = {
			isa = XCConfigurationList;
			buildConfigurations = (
				694249AC24170E090093C7CD /* Debug */,
				694249AD24170E090093C7CD /* Release */,
			);
			defaultConfigurationIsVisible = 0;
			defaultConfigurationName = Release;
		};
/* End XCConfigurationList section */
	};
	rootObject = 6942498F24170E050093C7CD /* Project object */;
}
